// !$*UTF8*$!
{
	archiveVersion = 1;
	classes = {
	};
	objectVersion = 48;
	objects = {

/* Begin PBXBuildFile section */
		0241B2EA2135F2BA00A5B3FE /* AppDelegate.swift in Sources */ = {isa = PBXBuildFile; fileRef = 0241B2E92135F2BA00A5B3FE /* AppDelegate.swift */; };
		0241B2EF2135F2BA00A5B3FE /* Main.storyboard in Resources */ = {isa = PBXBuildFile; fileRef = 0241B2ED2135F2BA00A5B3FE /* Main.storyboard */; };
		0241B2F12135F2BA00A5B3FE /* Assets.xcassets in Resources */ = {isa = PBXBuildFile; fileRef = 0241B2F02135F2BA00A5B3FE /* Assets.xcassets */; };
		0241B2F42135F2BA00A5B3FE /* LaunchScreen.storyboard in Resources */ = {isa = PBXBuildFile; fileRef = 0241B2F22135F2BA00A5B3FE /* LaunchScreen.storyboard */; };
		0241B2FC2135F54A00A5B3FE /* PhotosViewController.swift in Sources */ = {isa = PBXBuildFile; fileRef = 0241B2FB2135F54A00A5B3FE /* PhotosViewController.swift */; };
		0241B2FE2136182F00A5B3FE /* PhotoCell.swift in Sources */ = {isa = PBXBuildFile; fileRef = 0241B2FD2136182F00A5B3FE /* PhotoCell.swift */; };
		02A96083213F22C600A6A738 /* PhotosDetailViewController.swift in Sources */ = {isa = PBXBuildFile; fileRef = 02A96082213F22C600A6A738 /* PhotosDetailViewController.swift */; };
		22A41C753043F472B95BF52C /* Pods_tumblr.framework in Frameworks */ = {isa = PBXBuildFile; fileRef = 04FA35D397C98E781ECB9F0C /* Pods_tumblr.framework */; };
/* End PBXBuildFile section */

/* Begin PBXFileReference section */
		0241B2E62135F2BA00A5B3FE /* tumblr.app */ = {isa = PBXFileReference; explicitFileType = wrapper.application; includeInIndex = 0; path = tumblr.app; sourceTree = BUILT_PRODUCTS_DIR; };
		0241B2E92135F2BA00A5B3FE /* AppDelegate.swift */ = {isa = PBXFileReference; lastKnownFileType = sourcecode.swift; path = AppDelegate.swift; sourceTree = "<group>"; };
		0241B2EE2135F2BA00A5B3FE /* Base */ = {isa = PBXFileReference; lastKnownFileType = file.storyboard; name = Base; path = Base.lproj/Main.storyboard; sourceTree = "<group>"; };
		0241B2F02135F2BA00A5B3FE /* Assets.xcassets */ = {isa = PBXFileReference; lastKnownFileType = folder.assetcatalog; path = Assets.xcassets; sourceTree = "<group>"; };
		0241B2F32135F2BA00A5B3FE /* Base */ = {isa = PBXFileReference; lastKnownFileType = file.storyboard; name = Base; path = Base.lproj/LaunchScreen.storyboard; sourceTree = "<group>"; };
		0241B2F52135F2BA00A5B3FE /* Info.plist */ = {isa = PBXFileReference; lastKnownFileType = text.plist.xml; path = Info.plist; sourceTree = "<group>"; };
		0241B2FB2135F54A00A5B3FE /* PhotosViewController.swift */ = {isa = PBXFileReference; lastKnownFileType = sourcecode.swift; path = PhotosViewController.swift; sourceTree = "<group>"; };
		0241B2FD2136182F00A5B3FE /* PhotoCell.swift */ = {isa = PBXFileReference; lastKnownFileType = sourcecode.swift; path = PhotoCell.swift; sourceTree = "<group>"; };
		02A96082213F22C600A6A738 /* PhotosDetailViewController.swift */ = {isa = PBXFileReference; lastKnownFileType = sourcecode.swift; path = PhotosDetailViewController.swift; sourceTree = "<group>"; };
		04FA35D397C98E781ECB9F0C /* Pods_tumblr.framework */ = {isa = PBXFileReference; explicitFileType = wrapper.framework; includeInIndex = 0; path = Pods_tumblr.framework; sourceTree = BUILT_PRODUCTS_DIR; };
		C1193A31DF92FC24A114F4B6 /* Pods-tumblr.release.xcconfig */ = {isa = PBXFileReference; includeInIndex = 1; lastKnownFileType = text.xcconfig; name = "Pods-tumblr.release.xcconfig"; path = "Pods/Target Support Files/Pods-tumblr/Pods-tumblr.release.xcconfig"; sourceTree = "<group>"; };
		F39A7B998A29C244B3DE3ACB /* Pods-tumblr.debug.xcconfig */ = {isa = PBXFileReference; includeInIndex = 1; lastKnownFileType = text.xcconfig; name = "Pods-tumblr.debug.xcconfig"; path = "Pods/Target Support Files/Pods-tumblr/Pods-tumblr.debug.xcconfig"; sourceTree = "<group>"; };
/* End PBXFileReference section */

/* Begin PBXFrameworksBuildPhase section */
		0241B2E32135F2BA00A5B3FE /* Frameworks */ = {
			isa = PBXFrameworksBuildPhase;
			buildActionMask = 2147483647;
			files = (
				22A41C753043F472B95BF52C /* Pods_tumblr.framework in Frameworks */,
			);
			runOnlyForDeploymentPostprocessing = 0;
		};
/* End PBXFrameworksBuildPhase section */

/* Begin PBXGroup section */
		0241B2DD2135F2B900A5B3FE = {
			isa = PBXGroup;
			children = (
				0241B2E82135F2BA00A5B3FE /* tumblr */,
				0241B2E72135F2BA00A5B3FE /* Products */,
				826F08D6DDFFA1E968125233 /* Pods */,
				7CDFE9D3E393EB8E4EA73550 /* Frameworks */,
			);
			sourceTree = "<group>";
		};
		0241B2E72135F2BA00A5B3FE /* Products */ = {
			isa = PBXGroup;
			children = (
				0241B2E62135F2BA00A5B3FE /* tumblr.app */,
			);
			name = Products;
			sourceTree = "<group>";
		};
		0241B2E82135F2BA00A5B3FE /* tumblr */ = {
			isa = PBXGroup;
			children = (
				0241B2E92135F2BA00A5B3FE /* AppDelegate.swift */,
				0241B2ED2135F2BA00A5B3FE /* Main.storyboard */,
				02A96082213F22C600A6A738 /* PhotosDetailViewController.swift */,
				0241B2F02135F2BA00A5B3FE /* Assets.xcassets */,
				0241B2F22135F2BA00A5B3FE /* LaunchScreen.storyboard */,
				0241B2F52135F2BA00A5B3FE /* Info.plist */,
				0241B2FB2135F54A00A5B3FE /* PhotosViewController.swift */,
				0241B2FD2136182F00A5B3FE /* PhotoCell.swift */,
			);
			path = tumblr;
			sourceTree = "<group>";
		};
		7CDFE9D3E393EB8E4EA73550 /* Frameworks */ = {
			isa = PBXGroup;
			children = (
				04FA35D397C98E781ECB9F0C /* Pods_tumblr.framework */,
			);
			name = Frameworks;
			sourceTree = "<group>";
		};
		826F08D6DDFFA1E968125233 /* Pods */ = {
			isa = PBXGroup;
			children = (
				F39A7B998A29C244B3DE3ACB /* Pods-tumblr.debug.xcconfig */,
				C1193A31DF92FC24A114F4B6 /* Pods-tumblr.release.xcconfig */,
			);
			name = Pods;
			sourceTree = "<group>";
		};
/* End PBXGroup section */

/* Begin PBXNativeTarget section */
		0241B2E52135F2BA00A5B3FE /* tumblr */ = {
			isa = PBXNativeTarget;
			buildConfigurationList = 0241B2F82135F2BA00A5B3FE /* Build configuration list for PBXNativeTarget "tumblr" */;
			buildPhases = (
				508B37D8F526A3D1E9238205 /* [CP] Check Pods Manifest.lock */,
				0241B2E22135F2BA00A5B3FE /* Sources */,
				0241B2E32135F2BA00A5B3FE /* Frameworks */,
				0241B2E42135F2BA00A5B3FE /* Resources */,
				194062920676C49973A4CCB7 /* [CP] Embed Pods Frameworks */,
				555AAC91E72D6B4BD51D9519 /* [CP] Copy Pods Resources */,
			);
			buildRules = (
			);
			dependencies = (
			);
			name = tumblr;
			productName = tumblr;
			productReference = 0241B2E62135F2BA00A5B3FE /* tumblr.app */;
			productType = "com.apple.product-type.application";
		};
/* End PBXNativeTarget section */

/* Begin PBXProject section */
		0241B2DE2135F2B900A5B3FE /* Project object */ = {
			isa = PBXProject;
			attributes = {
				LastSwiftUpdateCheck = 0910;
				LastUpgradeCheck = 0910;
				ORGANIZATIONNAME = "Sandesh Basnet";
				TargetAttributes = {
					0241B2E52135F2BA00A5B3FE = {
						CreatedOnToolsVersion = 9.1;
						ProvisioningStyle = Automatic;
					};
				};
			};
			buildConfigurationList = 0241B2E12135F2B900A5B3FE /* Build configuration list for PBXProject "tumblr" */;
			compatibilityVersion = "Xcode 8.0";
			developmentRegion = en;
			hasScannedForEncodings = 0;
			knownRegions = (
				en,
				Base,
			);
			mainGroup = 0241B2DD2135F2B900A5B3FE;
			productRefGroup = 0241B2E72135F2BA00A5B3FE /* Products */;
			projectDirPath = "";
			projectRoot = "";
			targets = (
				0241B2E52135F2BA00A5B3FE /* tumblr */,
			);
		};
/* End PBXProject section */

/* Begin PBXResourcesBuildPhase section */
		0241B2E42135F2BA00A5B3FE /* Resources */ = {
			isa = PBXResourcesBuildPhase;
			buildActionMask = 2147483647;
			files = (
				0241B2F42135F2BA00A5B3FE /* LaunchScreen.storyboard in Resources */,
				0241B2F12135F2BA00A5B3FE /* Assets.xcassets in Resources */,
				0241B2EF2135F2BA00A5B3FE /* Main.storyboard in Resources */,
			);
			runOnlyForDeploymentPostprocessing = 0;
		};
/* End PBXResourcesBuildPhase section */

/* Begin PBXShellScriptBuildPhase section */
		194062920676C49973A4CCB7 /* [CP] Embed Pods Frameworks */ = {
			isa = PBXShellScriptBuildPhase;
			buildActionMask = 2147483647;
			files = (
			);
			inputPaths = (
				"${SRCROOT}/Pods/Target Support Files/Pods-tumblr/Pods-tumblr-frameworks.sh",
				"${BUILT_PRODUCTS_DIR}/Alamofire/Alamofire.framework",
				"${BUILT_PRODUCTS_DIR}/AlamofireImage/AlamofireImage.framework",
			);
			name = "[CP] Embed Pods Frameworks";
			outputPaths = (
				"${TARGET_BUILD_DIR}/${FRAMEWORKS_FOLDER_PATH}/Alamofire.framework",
				"${TARGET_BUILD_DIR}/${FRAMEWORKS_FOLDER_PATH}/AlamofireImage.framework",
			);
			runOnlyForDeploymentPostprocessing = 0;
			shellPath = /bin/sh;
			shellScript = "\"${SRCROOT}/Pods/Target Support Files/Pods-tumblr/Pods-tumblr-frameworks.sh\"\n";
			showEnvVarsInLog = 0;
		};
		508B37D8F526A3D1E9238205 /* [CP] Check Pods Manifest.lock */ = {
			isa = PBXShellScriptBuildPhase;
			buildActionMask = 2147483647;
			files = (
			);
			inputPaths = (
				"${PODS_PODFILE_DIR_PATH}/Podfile.lock",
				"${PODS_ROOT}/Manifest.lock",
			);
			name = "[CP] Check Pods Manifest.lock";
			outputPaths = (
				"$(DERIVED_FILE_DIR)/Pods-tumblr-checkManifestLockResult.txt",
			);
			runOnlyForDeploymentPostprocessing = 0;
			shellPath = /bin/sh;
			shellScript = "diff \"${PODS_PODFILE_DIR_PATH}/Podfile.lock\" \"${PODS_ROOT}/Manifest.lock\" > /dev/null\nif [ $? != 0 ] ; then\n    # print error to STDERR\n    echo \"error: The sandbox is not in sync with the Podfile.lock. Run 'pod install' or update your CocoaPods installation.\" >&2\n    exit 1\nfi\n# This output is used by Xcode 'outputs' to avoid re-running this script phase.\necho \"SUCCESS\" > \"${SCRIPT_OUTPUT_FILE_0}\"\n";
			showEnvVarsInLog = 0;
		};
		555AAC91E72D6B4BD51D9519 /* [CP] Copy Pods Resources */ = {
			isa = PBXShellScriptBuildPhase;
			buildActionMask = 2147483647;
			files = (
			);
			inputPaths = (
			);
			name = "[CP] Copy Pods Resources";
			outputPaths = (
			);
			runOnlyForDeploymentPostprocessing = 0;
			shellPath = /bin/sh;
			shellScript = "\"${SRCROOT}/Pods/Target Support Files/Pods-tumblr/Pods-tumblr-resources.sh\"\n";
			showEnvVarsInLog = 0;
		};
/* End PBXShellScriptBuildPhase section */

/* Begin PBXSourcesBuildPhase section */
		0241B2E22135F2BA00A5B3FE /* Sources */ = {
			isa = PBXSourcesBuildPhase;
			buildActionMask = 2147483647;
			files = (
				02A96083213F22C600A6A738 /* PhotosDetailViewController.swift in Sources */,
				0241B2EA2135F2BA00A5B3FE /* AppDelegate.swift in Sources */,
				0241B2FE2136182F00A5B3FE /* PhotoCell.swift in Sources */,
				0241B2FC2135F54A00A5B3FE /* PhotosViewController.swift in Sources */,
			);
			runOnlyForDeploymentPostprocessing = 0;
		};
/* End PBXSourcesBuildPhase section */

/* Begin PBXVariantGroup section */
		0241B2ED2135F2BA00A5B3FE /* Main.storyboard */ = {
			isa = PBXVariantGroup;
			children = (
				0241B2EE2135F2BA00A5B3FE /* Base */,
			);
			name = Main.storyboard;
			sourceTree = "<group>";
		};
		0241B2F22135F2BA00A5B3FE /* LaunchScreen.storyboard */ = {
			isa = PBXVariantGroup;
			children = (
				0241B2F32135F2BA00A5B3FE /* Base */,
			);
			name = LaunchScreen.storyboard;
			sourceTree = "<group>";
		};
/* End PBXVariantGroup section */

/* Begin XCBuildConfiguration section */
		0241B2F62135F2BA00A5B3FE /* Debug */ = {
			isa = XCBuildConfiguration;
			buildSettings = {
				ALWAYS_SEARCH_USER_PATHS = NO;
				CLANG_ANALYZER_NONNULL = YES;
				CLANG_ANALYZER_NUMBER_OBJECT_CONVERSION = YES_AGGRESSIVE;
				CLANG_CXX_LANGUAGE_STANDARD = "gnu++14";
				CLANG_CXX_LIBRARY = "libc++";
				CLANG_ENABLE_MODULES = YES;
				CLANG_ENABLE_OBJC_ARC = YES;
				CLANG_WARN_BLOCK_CAPTURE_AUTORELEASING = YES;
				CLANG_WARN_BOOL_CONVERSION = YES;
				CLANG_WARN_COMMA = YES;
				CLANG_WARN_CONSTANT_CONVERSION = YES;
				CLANG_WARN_DIRECT_OBJC_ISA_USAGE = YES_ERROR;
				CLANG_WARN_DOCUMENTATION_COMMENTS = YES;
				CLANG_WARN_EMPTY_BODY = YES;
				CLANG_WARN_ENUM_CONVERSION = YES;
				CLANG_WARN_INFINITE_RECURSION = YES;
				CLANG_WARN_INT_CONVERSION = YES;
				CLANG_WARN_NON_LITERAL_NULL_CONVERSION = YES;
				CLANG_WARN_OBJC_LITERAL_CONVERSION = YES;
				CLANG_WARN_OBJC_ROOT_CLASS = YES_ERROR;
				CLANG_WARN_RANGE_LOOP_ANALYSIS = YES;
				CLANG_WARN_STRICT_PROTOTYPES = YES;
				CLANG_WARN_SUSPICIOUS_MOVE = YES;
				CLANG_WARN_UNGUARDED_AVAILABILITY = YES_AGGRESSIVE;
				CLANG_WARN_UNREACHABLE_CODE = YES;
				CLANG_WARN__DUPLICATE_METHOD_MATCH = YES;
				CODE_SIGN_IDENTITY = "iPhone Developer";
				COPY_PHASE_STRIP = NO;
				DEBUG_INFORMATION_FORMAT = dwarf;
				ENABLE_STRICT_OBJC_MSGSEND = YES;
				ENABLE_TESTABILITY = YES;
				GCC_C_LANGUAGE_STANDARD = gnu11;
				GCC_DYNAMIC_NO_PIC = NO;
				GCC_NO_COMMON_BLOCKS = YES;
				GCC_OPTIMIZATION_LEVEL = 0;
				GCC_PREPROCESSOR_DEFINITIONS = (
					"DEBUG=1",
					"$(inherited)",
				);
				GCC_WARN_64_TO_32_BIT_CONVERSION = YES;
				GCC_WARN_ABOUT_RETURN_TYPE = YES_ERROR;
				GCC_WARN_UNDECLARED_SELECTOR = YES;
				GCC_WARN_UNINITIALIZED_AUTOS = YES_AGGRESSIVE;
				GCC_WARN_UNUSED_FUNCTION = YES;
				GCC_WARN_UNUSED_VARIABLE = YES;
				IPHONEOS_DEPLOYMENT_TARGET = 11.1;
				MTL_ENABLE_DEBUG_INFO = YES;
				ONLY_ACTIVE_ARCH = YES;
				SDKROOT = iphoneos;
				SWIFT_ACTIVE_COMPILATION_CONDITIONS = DEBUG;
				SWIFT_OPTIMIZATION_LEVEL = "-Onone";
			};
			name = Debug;
		};
		0241B2F72135F2BA00A5B3FE /* Release */ = {
			isa = XCBuildConfiguration;
			buildSettings = {
				ALWAYS_SEARCH_USER_PATHS = NO;
				CLANG_ANALYZER_NONNULL = YES;
				CLANG_ANALYZER_NUMBER_OBJECT_CONVERSION = YES_AGGRESSIVE;
				CLANG_CXX_LANGUAGE_STANDARD = "gnu++14";
				CLANG_CXX_LIBRARY = "libc++";
				CLANG_ENABLE_MODULES = YES;
				CLANG_ENABLE_OBJC_ARC = YES;
				CLANG_WARN_BLOCK_CAPTURE_AUTORELEASING = YES;
				CLANG_WARN_BOOL_CONVERSION = YES;
				CLANG_WARN_COMMA = YES;
				CLANG_WARN_CONSTANT_CONVERSION = YES;
				CLANG_WARN_DIRECT_OBJC_ISA_USAGE = YES_ERROR;
				CLANG_WARN_DOCUMENTATION_COMMENTS = YES;
				CLANG_WARN_EMPTY_BODY = YES;
				CLANG_WARN_ENUM_CONVERSION = YES;
				CLANG_WARN_INFINITE_RECURSION = YES;
				CLANG_WARN_INT_CONVERSION = YES;
				CLANG_WARN_NON_LITERAL_NULL_CONVERSION = YES;
				CLANG_WARN_OBJC_LITERAL_CONVERSION = YES;
				CLANG_WARN_OBJC_ROOT_CLASS = YES_ERROR;
				CLANG_WARN_RANGE_LOOP_ANALYSIS = YES;
				CLANG_WARN_STRICT_PROTOTYPES = YES;
				CLANG_WARN_SUSPICIOUS_MOVE = YES;
				CLANG_WARN_UNGUARDED_AVAILABILITY = YES_AGGRESSIVE;
				CLANG_WARN_UNREACHABLE_CODE = YES;
				CLANG_WARN__DUPLICATE_METHOD_MATCH = YES;
				CODE_SIGN_IDENTITY = "iPhone Developer";
				COPY_PHASE_STRIP = NO;
				DEBUG_INFORMATION_FORMAT = "dwarf-with-dsym";
				ENABLE_NS_ASSERTIONS = NO;
				ENABLE_STRICT_OBJC_MSGSEND = YES;
				GCC_C_LANGUAGE_STANDARD = gnu11;
				GCC_NO_COMMON_BLOCKS = YES;
				GCC_WARN_64_TO_32_BIT_CONVERSION = YES;
				GCC_WARN_ABOUT_RETURN_TYPE = YES_ERROR;
				GCC_WARN_UNDECLARED_SELECTOR = YES;
				GCC_WARN_UNINITIALIZED_AUTOS = YES_AGGRESSIVE;
				GCC_WARN_UNUSED_FUNCTION = YES;
				GCC_WARN_UNUSED_VARIABLE = YES;
				IPHONEOS_DEPLOYMENT_TARGET = 11.1;
				MTL_ENABLE_DEBUG_INFO = NO;
				SDKROOT = iphoneos;
				SWIFT_OPTIMIZATION_LEVEL = "-Owholemodule";
				VALIDATE_PRODUCT = YES;
			};
			name = Release;
		};
		0241B2F92135F2BA00A5B3FE /* Debug */ = {
			isa = XCBuildConfiguration;
			baseConfigurationReference = F39A7B998A29C244B3DE3ACB /* Pods-tumblr.debug.xcconfig */;
			buildSettings = {
				ASSETCATALOG_COMPILER_APPICON_NAME = AppIcon;
				CODE_SIGN_STYLE = Automatic;
				DEVELOPMENT_TEAM = FYU8U58X8L;
				INFOPLIST_FILE = tumblr/Info.plist;
				LD_RUNPATH_SEARCH_PATHS = "$(inherited) @executable_path/Frameworks";
				PRODUCT_BUNDLE_IDENTIFIER = com.sandeshbasnet.tumblr;
				PRODUCT_NAME = "$(TARGET_NAME)";
				SWIFT_VERSION = 4.0;
				TARGETED_DEVICE_FAMILY = "1,2";
			};
			name = Debug;
		};
		0241B2FA2135F2BA00A5B3FE /* Release */ = {
			isa = XCBuildConfiguration;
			baseConfigurationReference = C1193A31DF92FC24A114F4B6 /* Pods-tumblr.release.xcconfig */;
			buildSettings = {
				ASSETCATALOG_COMPILER_APPICON_NAME = AppIcon;
				CODE_SIGN_STYLE = Automatic;
				DEVELOPMENT_TEAM = FYU8U58X8L;
				INFOPLIST_FILE = tumblr/Info.plist;
				LD_RUNPATH_SEARCH_PATHS = "$(inherited) @executable_path/Frameworks";
				PRODUCT_BUNDLE_IDENTIFIER = com.sandeshbasnet.tumblr;
				PRODUCT_NAME = "$(TARGET_NAME)";
				SWIFT_VERSION = 4.0;
				TARGETED_DEVICE_FAMILY = "1,2";
			};
			name = Release;
		};
/* End XCBuildConfiguration section */

/* Begin XCConfigurationList section */
		0241B2E12135F2B900A5B3FE /* Build configuration list for PBXProject "tumblr" */ = {
			isa = XCConfigurationList;
			buildConfigurations = (
				0241B2F62135F2BA00A5B3FE /* Debug */,
				0241B2F72135F2BA00A5B3FE /* Release */,
			);
			defaultConfigurationIsVisible = 0;
			defaultConfigurationName = Release;
		};
		0241B2F82135F2BA00A5B3FE /* Build configuration list for PBXNativeTarget "tumblr" */ = {
			isa = XCConfigurationList;
			buildConfigurations = (
				0241B2F92135F2BA00A5B3FE /* Debug */,
				0241B2FA2135F2BA00A5B3FE /* Release */,
			);
			defaultConfigurationIsVisible = 0;
			defaultConfigurationName = Release;
		};
/* End XCConfigurationList section */
	};
	rootObject = 0241B2DE2135F2B900A5B3FE /* Project object */;
}
